
Microsoft Visual Studio Solution File, Format Version 12.00
# Visual Studio 2012
Project("{FAE04EC0-301F-11D3-BF4B-00C04F79EFBC}") = "Frog.Domain", "src\app\Frog.Domain\Frog.Domain.csproj", "{8A446F8C-6B38-4153-A996-CC162DACF795}"
EndProject
Project("{FAE04EC0-301F-11D3-BF4B-00C04F79EFBC}") = "Frog.Domain.Specs", "src\tests\Frog.Domain.Specs\Frog.Domain.Specs.csproj", "{67C6B4A8-D6A7-46EB-B618-3F48A8478EE5}"
EndProject
Project("{FAE04EC0-301F-11D3-BF4B-00C04F79EFBC}") = "Frog.System.Specs", "src\tests\Frog.System.Specs\Frog.System.Specs.csproj", "{D7DC578F-0A08-4681-9486-ACC898785829}"
	ProjectSection(ProjectDependencies) = postProject
		{B779539D-04DD-4267-BE4B-707AA0DAF43D} = {B779539D-04DD-4267-BE4B-707AA0DAF43D}
	EndProjectSection
EndProject
Project("{FAE04EC0-301F-11D3-BF4B-00C04F79EFBC}") = "Frog.Specs.Support", "src\tests\Frog.Specs.Support\Frog.Specs.Support.csproj", "{B4CE2703-09EF-4BF5-B933-EF8BB4E68389}"
EndProject
Project("{FAE04EC0-301F-11D3-BF4B-00C04F79EFBC}") = "SimpleCQRS", "src\app\SimpleCQRS\SimpleCQRS.csproj", "{9FAA6168-F131-420F-81C1-2228FD151BC7}"
EndProject
Project("{FAE04EC0-301F-11D3-BF4B-00C04F79EFBC}") = "Frog.Support", "src\app\Frog.Support\Frog.Support.csproj", "{893935D3-935A-418F-A656-5D6A203D87ED}"
EndProject
Project("{FAE04EC0-301F-11D3-BF4B-00C04F79EFBC}") = "Frog.FunctionalTests", "src\tests\Frog.FunctionalTests\Frog.FunctionalTests.csproj", "{024F4C63-F0F0-4414-BFB2-69FC1969BB32}"
EndProject
Project("{FAE04EC0-301F-11D3-BF4B-00C04F79EFBC}") = "Frog.Domain.Integration", "src\app\Frog.Domain.Integration\Frog.Domain.Integration.csproj", "{34D94FDA-6971-43A3-ABDE-B97CEA82CF26}"
EndProject
Project("{FAE04EC0-301F-11D3-BF4B-00C04F79EFBC}") = "Frog.Domain.IntegrationTests", "src\tests\Frog.Domain.IntegrationTests\Frog.Domain.IntegrationTests.csproj", "{AAD73CBC-00D2-4D65-B78C-57133BC16BD9}"
EndProject
Project("{FAE04EC0-301F-11D3-BF4B-00C04F79EFBC}") = "Frog.Agent", "src\app\Frog.Agent\Frog.Agent.csproj", "{48FD6257-2F81-4DA0-BCD8-060197691401}"
EndProject
Project("{FAE04EC0-301F-11D3-BF4B-00C04F79EFBC}") = "Frog.RepositoryTracker", "src\app\Frog.RepositoryTracker\Frog.RepositoryTracker.csproj", "{9DB46CDD-F31C-46C2-B0CC-351125AF766B}"
EndProject
Project("{FAE04EC0-301F-11D3-BF4B-00C04F79EFBC}") = "Frog.UI.Web", "src\app\Frog.UI.Web\Frog.UI.Web.csproj", "{87D8D4E3-F24A-4452-809C-2E1417B03D3D}"
EndProject
Project("{FAE04EC0-301F-11D3-BF4B-00C04F79EFBC}") = "Frog.LoadTests", "src\tests\Frog.LoadTests\Frog.LoadTests.csproj", "{F1D0C7DA-6361-45E1-BA8A-AEFD9627E428}"
EndProject
Project("{2150E333-8FDC-42A3-9474-1A3956D46DE8}") = "Tests", "Tests", "{A18CF587-B333-45F5-84DD-E0D84E44E052}"
EndProject
Project("{2150E333-8FDC-42A3-9474-1A3956D46DE8}") = "Programs", "Programs", "{015C4E32-93D5-466F-B5AB-F8C95FCDC939}"
EndProject
Project("{FAE04EC0-301F-11D3-BF4B-00C04F79EFBC}") = "SaaS.Wires", "src\app\SaaS.Wires\SaaS.Wires.csproj", "{A6870FB6-D70D-4C70-81C8-74C191765FBC}"
EndProject
Project("{FAE04EC0-301F-11D3-BF4B-00C04F79EFBC}") = "Cqrs.Portable", "src\app\Cqrs.Portable\Cqrs.Portable.csproj", "{4E2E749C-4D6F-4EF8-8E9D-96D467306997}"
EndProject
Project("{FAE04EC0-301F-11D3-BF4B-00C04F79EFBC}") = "SaaS.Client", "src\app\SaaS.Client\SaaS.Client.csproj", "{F31841AC-CA87-4441-B906-6D4502307E97}"
EndProject
Project("{FAE04EC0-301F-11D3-BF4B-00C04F79EFBC}") = "SaaS.Contracts", "src\app\SaaS.Contracts\SaaS.Contracts.csproj", "{2A4A9A2C-5D8D-4078-B118-02A1D386A9FA}"
EndProject
Project("{2150E333-8FDC-42A3-9474-1A3956D46DE8}") = "Lokad.CQRS", "Lokad.CQRS", "{9F4DA869-EFBA-471A-937A-DF6D856616AA}"
EndProject
Project("{FAE04EC0-301F-11D3-BF4B-00C04F79EFBC}") = "Frog.Projections", "src\app\SaaS.Engine\Frog.Projections.csproj", "{B779539D-04DD-4267-BE4B-707AA0DAF43D}"
EndProject
Project("{FAE04EC0-301F-11D3-BF4B-00C04F79EFBC}") = "Frog.Agent.Service", "src\app\Frog.Agent.Service\Frog.Agent.Service.csproj", "{F86D7FD2-8629-40DD-804F-ECD343AB0B9D}"
EndProject
Project("{FAE04EC0-301F-11D3-BF4B-00C04F79EFBC}") = "Frog.Runner", "src\app\Frog.Runner\Frog.Runner.csproj", "{BF327CDB-D043-44F5-B0EC-F041EE972A89}"
EndProject
Project("{FAE04EC0-301F-11D3-BF4B-00C04F79EFBC}") = "Frog.UI.Web2", "src\app\Frog.UI.Web2\Frog.UI.Web2.csproj", "{60EA6A4E-9AA9-4585-877F-7407DE4392D5}"
EndProject
Global
	GlobalSection(SolutionConfigurationPlatforms) = preSolution
		Debug|Any CPU = Debug|Any CPU
		Debug|Mixed Platforms = Debug|Mixed Platforms
		Debug|x86 = Debug|x86
		Release|Any CPU = Release|Any CPU
		Release|Mixed Platforms = Release|Mixed Platforms
		Release|x86 = Release|x86
	EndGlobalSection
	GlobalSection(ProjectConfigurationPlatforms) = postSolution
		{8A446F8C-6B38-4153-A996-CC162DACF795}.Debug|Any CPU.ActiveCfg = Debug|Any CPU
		{8A446F8C-6B38-4153-A996-CC162DACF795}.Debug|Any CPU.Build.0 = Debug|Any CPU
		{8A446F8C-6B38-4153-A996-CC162DACF795}.Debug|Mixed Platforms.ActiveCfg = Debug|Any CPU
		{8A446F8C-6B38-4153-A996-CC162DACF795}.Debug|Mixed Platforms.Build.0 = Debug|Any CPU
		{8A446F8C-6B38-4153-A996-CC162DACF795}.Debug|x86.ActiveCfg = Debug|Any CPU
		{8A446F8C-6B38-4153-A996-CC162DACF795}.Release|Any CPU.ActiveCfg = Release|Any CPU
		{8A446F8C-6B38-4153-A996-CC162DACF795}.Release|Any CPU.Build.0 = Release|Any CPU
		{8A446F8C-6B38-4153-A996-CC162DACF795}.Release|Mixed Platforms.ActiveCfg = Release|Any CPU
		{8A446F8C-6B38-4153-A996-CC162DACF795}.Release|Mixed Platforms.Build.0 = Release|Any CPU
		{8A446F8C-6B38-4153-A996-CC162DACF795}.Release|x86.ActiveCfg = Release|Any CPU
		{67C6B4A8-D6A7-46EB-B618-3F48A8478EE5}.Debug|Any CPU.ActiveCfg = Debug|Any CPU
		{67C6B4A8-D6A7-46EB-B618-3F48A8478EE5}.Debug|Any CPU.Build.0 = Debug|Any CPU
		{67C6B4A8-D6A7-46EB-B618-3F48A8478EE5}.Debug|Mixed Platforms.ActiveCfg = Debug|Any CPU
		{67C6B4A8-D6A7-46EB-B618-3F48A8478EE5}.Debug|Mixed Platforms.Build.0 = Debug|Any CPU
		{67C6B4A8-D6A7-46EB-B618-3F48A8478EE5}.Debug|x86.ActiveCfg = Debug|Any CPU
		{67C6B4A8-D6A7-46EB-B618-3F48A8478EE5}.Release|Any CPU.ActiveCfg = Release|Any CPU
		{67C6B4A8-D6A7-46EB-B618-3F48A8478EE5}.Release|Any CPU.Build.0 = Release|Any CPU
		{67C6B4A8-D6A7-46EB-B618-3F48A8478EE5}.Release|Mixed Platforms.ActiveCfg = Release|Any CPU
		{67C6B4A8-D6A7-46EB-B618-3F48A8478EE5}.Release|Mixed Platforms.Build.0 = Release|Any CPU
		{67C6B4A8-D6A7-46EB-B618-3F48A8478EE5}.Release|x86.ActiveCfg = Release|Any CPU
		{D7DC578F-0A08-4681-9486-ACC898785829}.Debug|Any CPU.ActiveCfg = Debug|Any CPU
		{D7DC578F-0A08-4681-9486-ACC898785829}.Debug|Any CPU.Build.0 = Debug|Any CPU
		{D7DC578F-0A08-4681-9486-ACC898785829}.Debug|Mixed Platforms.ActiveCfg = Debug|Any CPU
		{D7DC578F-0A08-4681-9486-ACC898785829}.Debug|Mixed Platforms.Build.0 = Debug|Any CPU
		{D7DC578F-0A08-4681-9486-ACC898785829}.Debug|x86.ActiveCfg = Debug|Any CPU
		{D7DC578F-0A08-4681-9486-ACC898785829}.Release|Any CPU.ActiveCfg = Release|Any CPU
		{D7DC578F-0A08-4681-9486-ACC898785829}.Release|Any CPU.Build.0 = Release|Any CPU
		{D7DC578F-0A08-4681-9486-ACC898785829}.Release|Mixed Platforms.ActiveCfg = Release|Any CPU
		{D7DC578F-0A08-4681-9486-ACC898785829}.Release|Mixed Platforms.Build.0 = Release|Any CPU
		{D7DC578F-0A08-4681-9486-ACC898785829}.Release|x86.ActiveCfg = Release|Any CPU
		{B4CE2703-09EF-4BF5-B933-EF8BB4E68389}.Debug|Any CPU.ActiveCfg = Debug|Any CPU
		{B4CE2703-09EF-4BF5-B933-EF8BB4E68389}.Debug|Any CPU.Build.0 = Debug|Any CPU
		{B4CE2703-09EF-4BF5-B933-EF8BB4E68389}.Debug|Mixed Platforms.ActiveCfg = Debug|Any CPU
		{B4CE2703-09EF-4BF5-B933-EF8BB4E68389}.Debug|Mixed Platforms.Build.0 = Debug|Any CPU
		{B4CE2703-09EF-4BF5-B933-EF8BB4E68389}.Debug|x86.ActiveCfg = Debug|Any CPU
		{B4CE2703-09EF-4BF5-B933-EF8BB4E68389}.Release|Any CPU.ActiveCfg = Release|Any CPU
		{B4CE2703-09EF-4BF5-B933-EF8BB4E68389}.Release|Any CPU.Build.0 = Release|Any CPU
		{B4CE2703-09EF-4BF5-B933-EF8BB4E68389}.Release|Mixed Platforms.ActiveCfg = Release|Any CPU
		{B4CE2703-09EF-4BF5-B933-EF8BB4E68389}.Release|Mixed Platforms.Build.0 = Release|Any CPU
		{B4CE2703-09EF-4BF5-B933-EF8BB4E68389}.Release|x86.ActiveCfg = Release|Any CPU
		{9FAA6168-F131-420F-81C1-2228FD151BC7}.Debug|Any CPU.ActiveCfg = Debug|Any CPU
		{9FAA6168-F131-420F-81C1-2228FD151BC7}.Debug|Any CPU.Build.0 = Debug|Any CPU
		{9FAA6168-F131-420F-81C1-2228FD151BC7}.Debug|Mixed Platforms.ActiveCfg = Debug|Any CPU
		{9FAA6168-F131-420F-81C1-2228FD151BC7}.Debug|Mixed Platforms.Build.0 = Debug|Any CPU
		{9FAA6168-F131-420F-81C1-2228FD151BC7}.Debug|x86.ActiveCfg = Debug|Any CPU
		{9FAA6168-F131-420F-81C1-2228FD151BC7}.Release|Any CPU.ActiveCfg = Release|Any CPU
		{9FAA6168-F131-420F-81C1-2228FD151BC7}.Release|Any CPU.Build.0 = Release|Any CPU
		{9FAA6168-F131-420F-81C1-2228FD151BC7}.Release|Mixed Platforms.ActiveCfg = Release|Any CPU
		{9FAA6168-F131-420F-81C1-2228FD151BC7}.Release|Mixed Platforms.Build.0 = Release|Any CPU
		{9FAA6168-F131-420F-81C1-2228FD151BC7}.Release|x86.ActiveCfg = Release|Any CPU
		{893935D3-935A-418F-A656-5D6A203D87ED}.Debug|Any CPU.ActiveCfg = Debug|Any CPU
		{893935D3-935A-418F-A656-5D6A203D87ED}.Debug|Any CPU.Build.0 = Debug|Any CPU
		{893935D3-935A-418F-A656-5D6A203D87ED}.Debug|Mixed Platforms.ActiveCfg = Debug|Any CPU
		{893935D3-935A-418F-A656-5D6A203D87ED}.Debug|Mixed Platforms.Build.0 = Debug|Any CPU
		{893935D3-935A-418F-A656-5D6A203D87ED}.Debug|x86.ActiveCfg = Debug|Any CPU
		{893935D3-935A-418F-A656-5D6A203D87ED}.Release|Any CPU.ActiveCfg = Release|Any CPU
		{893935D3-935A-418F-A656-5D6A203D87ED}.Release|Any CPU.Build.0 = Release|Any CPU
		{893935D3-935A-418F-A656-5D6A203D87ED}.Release|Mixed Platforms.ActiveCfg = Release|Any CPU
		{893935D3-935A-418F-A656-5D6A203D87ED}.Release|Mixed Platforms.Build.0 = Release|Any CPU
		{893935D3-935A-418F-A656-5D6A203D87ED}.Release|x86.ActiveCfg = Release|Any CPU
		{024F4C63-F0F0-4414-BFB2-69FC1969BB32}.Debug|Any CPU.ActiveCfg = Debug|Any CPU
		{024F4C63-F0F0-4414-BFB2-69FC1969BB32}.Debug|Any CPU.Build.0 = Debug|Any CPU
		{024F4C63-F0F0-4414-BFB2-69FC1969BB32}.Debug|Mixed Platforms.ActiveCfg = Debug|Any CPU
		{024F4C63-F0F0-4414-BFB2-69FC1969BB32}.Debug|Mixed Platforms.Build.0 = Debug|Any CPU
		{024F4C63-F0F0-4414-BFB2-69FC1969BB32}.Debug|x86.ActiveCfg = Debug|Any CPU
		{024F4C63-F0F0-4414-BFB2-69FC1969BB32}.Release|Any CPU.ActiveCfg = Release|Any CPU
		{024F4C63-F0F0-4414-BFB2-69FC1969BB32}.Release|Any CPU.Build.0 = Release|Any CPU
		{024F4C63-F0F0-4414-BFB2-69FC1969BB32}.Release|Mixed Platforms.ActiveCfg = Release|Any CPU
		{024F4C63-F0F0-4414-BFB2-69FC1969BB32}.Release|Mixed Platforms.Build.0 = Release|Any CPU
		{024F4C63-F0F0-4414-BFB2-69FC1969BB32}.Release|x86.ActiveCfg = Release|Any CPU
		{34D94FDA-6971-43A3-ABDE-B97CEA82CF26}.Debug|Any CPU.ActiveCfg = Debug|Any CPU
		{34D94FDA-6971-43A3-ABDE-B97CEA82CF26}.Debug|Any CPU.Build.0 = Debug|Any CPU
		{34D94FDA-6971-43A3-ABDE-B97CEA82CF26}.Debug|Mixed Platforms.ActiveCfg = Debug|Any CPU
		{34D94FDA-6971-43A3-ABDE-B97CEA82CF26}.Debug|Mixed Platforms.Build.0 = Debug|Any CPU
		{34D94FDA-6971-43A3-ABDE-B97CEA82CF26}.Debug|x86.ActiveCfg = Debug|Any CPU
		{34D94FDA-6971-43A3-ABDE-B97CEA82CF26}.Release|Any CPU.ActiveCfg = Release|Any CPU
		{34D94FDA-6971-43A3-ABDE-B97CEA82CF26}.Release|Any CPU.Build.0 = Release|Any CPU
		{34D94FDA-6971-43A3-ABDE-B97CEA82CF26}.Release|Mixed Platforms.ActiveCfg = Release|Any CPU
		{34D94FDA-6971-43A3-ABDE-B97CEA82CF26}.Release|Mixed Platforms.Build.0 = Release|Any CPU
		{34D94FDA-6971-43A3-ABDE-B97CEA82CF26}.Release|x86.ActiveCfg = Release|Any CPU
		{AAD73CBC-00D2-4D65-B78C-57133BC16BD9}.Debug|Any CPU.ActiveCfg = Debug|Any CPU
		{AAD73CBC-00D2-4D65-B78C-57133BC16BD9}.Debug|Any CPU.Build.0 = Debug|Any CPU
		{AAD73CBC-00D2-4D65-B78C-57133BC16BD9}.Debug|Mixed Platforms.ActiveCfg = Debug|Any CPU
		{AAD73CBC-00D2-4D65-B78C-57133BC16BD9}.Debug|Mixed Platforms.Build.0 = Debug|Any CPU
		{AAD73CBC-00D2-4D65-B78C-57133BC16BD9}.Debug|x86.ActiveCfg = Debug|Any CPU
		{AAD73CBC-00D2-4D65-B78C-57133BC16BD9}.Release|Any CPU.ActiveCfg = Release|Any CPU
		{AAD73CBC-00D2-4D65-B78C-57133BC16BD9}.Release|Any CPU.Build.0 = Release|Any CPU
		{AAD73CBC-00D2-4D65-B78C-57133BC16BD9}.Release|Mixed Platforms.ActiveCfg = Release|Any CPU
		{AAD73CBC-00D2-4D65-B78C-57133BC16BD9}.Release|Mixed Platforms.Build.0 = Release|Any CPU
		{AAD73CBC-00D2-4D65-B78C-57133BC16BD9}.Release|x86.ActiveCfg = Release|Any CPU
		{48FD6257-2F81-4DA0-BCD8-060197691401}.Debug|Any CPU.ActiveCfg = Debug|Any CPU
		{48FD6257-2F81-4DA0-BCD8-060197691401}.Debug|Any CPU.Build.0 = Debug|Any CPU
		{48FD6257-2F81-4DA0-BCD8-060197691401}.Debug|Mixed Platforms.ActiveCfg = Debug|Any CPU
		{48FD6257-2F81-4DA0-BCD8-060197691401}.Debug|Mixed Platforms.Build.0 = Debug|Any CPU
		{48FD6257-2F81-4DA0-BCD8-060197691401}.Debug|x86.ActiveCfg = Debug|Any CPU
		{48FD6257-2F81-4DA0-BCD8-060197691401}.Release|Any CPU.ActiveCfg = Release|Any CPU
		{48FD6257-2F81-4DA0-BCD8-060197691401}.Release|Any CPU.Build.0 = Debug|Any CPU
		{48FD6257-2F81-4DA0-BCD8-060197691401}.Release|Mixed Platforms.ActiveCfg = Release|Any CPU
		{48FD6257-2F81-4DA0-BCD8-060197691401}.Release|Mixed Platforms.Build.0 = Release|Any CPU
		{48FD6257-2F81-4DA0-BCD8-060197691401}.Release|x86.ActiveCfg = Release|Any CPU
		{9DB46CDD-F31C-46C2-B0CC-351125AF766B}.Debug|Any CPU.ActiveCfg = Debug|Any CPU
		{9DB46CDD-F31C-46C2-B0CC-351125AF766B}.Debug|Any CPU.Build.0 = Debug|Any CPU
		{9DB46CDD-F31C-46C2-B0CC-351125AF766B}.Debug|Mixed Platforms.ActiveCfg = Debug|Any CPU
		{9DB46CDD-F31C-46C2-B0CC-351125AF766B}.Debug|Mixed Platforms.Build.0 = Debug|Any CPU
		{9DB46CDD-F31C-46C2-B0CC-351125AF766B}.Debug|x86.ActiveCfg = Debug|Any CPU
		{9DB46CDD-F31C-46C2-B0CC-351125AF766B}.Release|Any CPU.ActiveCfg = Release|Any CPU
		{9DB46CDD-F31C-46C2-B0CC-351125AF766B}.Release|Any CPU.Build.0 = Debug|Any CPU
		{9DB46CDD-F31C-46C2-B0CC-351125AF766B}.Release|Mixed Platforms.ActiveCfg = Release|Any CPU
		{9DB46CDD-F31C-46C2-B0CC-351125AF766B}.Release|Mixed Platforms.Build.0 = Release|Any CPU
		{9DB46CDD-F31C-46C2-B0CC-351125AF766B}.Release|x86.ActiveCfg = Release|Any CPU
		{87D8D4E3-F24A-4452-809C-2E1417B03D3D}.Debug|Any CPU.ActiveCfg = Debug|Any CPU
		{87D8D4E3-F24A-4452-809C-2E1417B03D3D}.Debug|Any CPU.Build.0 = Debug|Any CPU
		{87D8D4E3-F24A-4452-809C-2E1417B03D3D}.Debug|Mixed Platforms.ActiveCfg = Debug|Any CPU
		{87D8D4E3-F24A-4452-809C-2E1417B03D3D}.Debug|Mixed Platforms.Build.0 = Debug|Any CPU
		{87D8D4E3-F24A-4452-809C-2E1417B03D3D}.Debug|x86.ActiveCfg = Debug|Any CPU
		{87D8D4E3-F24A-4452-809C-2E1417B03D3D}.Release|Any CPU.ActiveCfg = Release|Any CPU
		{87D8D4E3-F24A-4452-809C-2E1417B03D3D}.Release|Any CPU.Build.0 = Release|Any CPU
		{87D8D4E3-F24A-4452-809C-2E1417B03D3D}.Release|Mixed Platforms.ActiveCfg = Release|Any CPU
		{87D8D4E3-F24A-4452-809C-2E1417B03D3D}.Release|Mixed Platforms.Build.0 = Release|Any CPU
		{87D8D4E3-F24A-4452-809C-2E1417B03D3D}.Release|x86.ActiveCfg = Release|Any CPU
		{F1D0C7DA-6361-45E1-BA8A-AEFD9627E428}.Debug|Any CPU.ActiveCfg = Debug|Any CPU
		{F1D0C7DA-6361-45E1-BA8A-AEFD9627E428}.Debug|Any CPU.Build.0 = Debug|Any CPU
		{F1D0C7DA-6361-45E1-BA8A-AEFD9627E428}.Debug|Mixed Platforms.ActiveCfg = Debug|Any CPU
		{F1D0C7DA-6361-45E1-BA8A-AEFD9627E428}.Debug|Mixed Platforms.Build.0 = Debug|Any CPU
		{F1D0C7DA-6361-45E1-BA8A-AEFD9627E428}.Debug|x86.ActiveCfg = Debug|Any CPU
		{F1D0C7DA-6361-45E1-BA8A-AEFD9627E428}.Release|Any CPU.ActiveCfg = Release|Any CPU
		{F1D0C7DA-6361-45E1-BA8A-AEFD9627E428}.Release|Any CPU.Build.0 = Release|Any CPU
		{F1D0C7DA-6361-45E1-BA8A-AEFD9627E428}.Release|Mixed Platforms.ActiveCfg = Release|Any CPU
		{F1D0C7DA-6361-45E1-BA8A-AEFD9627E428}.Release|Mixed Platforms.Build.0 = Release|Any CPU
		{F1D0C7DA-6361-45E1-BA8A-AEFD9627E428}.Release|x86.ActiveCfg = Release|Any CPU
		{A6870FB6-D70D-4C70-81C8-74C191765FBC}.Debug|Any CPU.ActiveCfg = Debug|Any CPU
		{A6870FB6-D70D-4C70-81C8-74C191765FBC}.Debug|Any CPU.Build.0 = Debug|Any CPU
		{A6870FB6-D70D-4C70-81C8-74C191765FBC}.Debug|Mixed Platforms.ActiveCfg = Debug|Any CPU
		{A6870FB6-D70D-4C70-81C8-74C191765FBC}.Debug|Mixed Platforms.Build.0 = Debug|Any CPU
		{A6870FB6-D70D-4C70-81C8-74C191765FBC}.Debug|x86.ActiveCfg = Debug|Any CPU
		{A6870FB6-D70D-4C70-81C8-74C191765FBC}.Release|Any CPU.ActiveCfg = Release|Any CPU
		{A6870FB6-D70D-4C70-81C8-74C191765FBC}.Release|Any CPU.Build.0 = Release|Any CPU
		{A6870FB6-D70D-4C70-81C8-74C191765FBC}.Release|Mixed Platforms.ActiveCfg = Release|Any CPU
		{A6870FB6-D70D-4C70-81C8-74C191765FBC}.Release|Mixed Platforms.Build.0 = Release|Any CPU
		{A6870FB6-D70D-4C70-81C8-74C191765FBC}.Release|x86.ActiveCfg = Release|Any CPU
		{4E2E749C-4D6F-4EF8-8E9D-96D467306997}.Debug|Any CPU.ActiveCfg = Debug|Any CPU
		{4E2E749C-4D6F-4EF8-8E9D-96D467306997}.Debug|Any CPU.Build.0 = Debug|Any CPU
		{4E2E749C-4D6F-4EF8-8E9D-96D467306997}.Debug|Mixed Platforms.ActiveCfg = Debug|Any CPU
		{4E2E749C-4D6F-4EF8-8E9D-96D467306997}.Debug|Mixed Platforms.Build.0 = Debug|Any CPU
		{4E2E749C-4D6F-4EF8-8E9D-96D467306997}.Debug|x86.ActiveCfg = Debug|Any CPU
		{4E2E749C-4D6F-4EF8-8E9D-96D467306997}.Release|Any CPU.ActiveCfg = Release|Any CPU
		{4E2E749C-4D6F-4EF8-8E9D-96D467306997}.Release|Any CPU.Build.0 = Release|Any CPU
		{4E2E749C-4D6F-4EF8-8E9D-96D467306997}.Release|Mixed Platforms.ActiveCfg = Release|Any CPU
		{4E2E749C-4D6F-4EF8-8E9D-96D467306997}.Release|Mixed Platforms.Build.0 = Release|Any CPU
		{4E2E749C-4D6F-4EF8-8E9D-96D467306997}.Release|x86.ActiveCfg = Release|Any CPU
		{F31841AC-CA87-4441-B906-6D4502307E97}.Debug|Any CPU.ActiveCfg = Debug|Any CPU
		{F31841AC-CA87-4441-B906-6D4502307E97}.Debug|Any CPU.Build.0 = Debug|Any CPU
		{F31841AC-CA87-4441-B906-6D4502307E97}.Debug|Mixed Platforms.ActiveCfg = Debug|Any CPU
		{F31841AC-CA87-4441-B906-6D4502307E97}.Debug|Mixed Platforms.Build.0 = Debug|Any CPU
		{F31841AC-CA87-4441-B906-6D4502307E97}.Debug|x86.ActiveCfg = Debug|Any CPU
		{F31841AC-CA87-4441-B906-6D4502307E97}.Release|Any CPU.ActiveCfg = Release|Any CPU
		{F31841AC-CA87-4441-B906-6D4502307E97}.Release|Any CPU.Build.0 = Release|Any CPU
		{F31841AC-CA87-4441-B906-6D4502307E97}.Release|Mixed Platforms.ActiveCfg = Release|Any CPU
		{F31841AC-CA87-4441-B906-6D4502307E97}.Release|Mixed Platforms.Build.0 = Release|Any CPU
		{F31841AC-CA87-4441-B906-6D4502307E97}.Release|x86.ActiveCfg = Release|Any CPU
		{2A4A9A2C-5D8D-4078-B118-02A1D386A9FA}.Debug|Any CPU.ActiveCfg = Debug|Any CPU
		{2A4A9A2C-5D8D-4078-B118-02A1D386A9FA}.Debug|Any CPU.Build.0 = Debug|Any CPU
		{2A4A9A2C-5D8D-4078-B118-02A1D386A9FA}.Debug|Mixed Platforms.ActiveCfg = Debug|Any CPU
		{2A4A9A2C-5D8D-4078-B118-02A1D386A9FA}.Debug|Mixed Platforms.Build.0 = Debug|Any CPU
		{2A4A9A2C-5D8D-4078-B118-02A1D386A9FA}.Debug|x86.ActiveCfg = Debug|Any CPU
		{2A4A9A2C-5D8D-4078-B118-02A1D386A9FA}.Release|Any CPU.ActiveCfg = Release|Any CPU
		{2A4A9A2C-5D8D-4078-B118-02A1D386A9FA}.Release|Any CPU.Build.0 = Release|Any CPU
		{2A4A9A2C-5D8D-4078-B118-02A1D386A9FA}.Release|Mixed Platforms.ActiveCfg = Release|Any CPU
		{2A4A9A2C-5D8D-4078-B118-02A1D386A9FA}.Release|Mixed Platforms.Build.0 = Release|Any CPU
		{2A4A9A2C-5D8D-4078-B118-02A1D386A9FA}.Release|x86.ActiveCfg = Release|Any CPU
		{B779539D-04DD-4267-BE4B-707AA0DAF43D}.Debug|Any CPU.ActiveCfg = Debug|Any CPU
		{B779539D-04DD-4267-BE4B-707AA0DAF43D}.Debug|Any CPU.Build.0 = Debug|Any CPU
		{B779539D-04DD-4267-BE4B-707AA0DAF43D}.Debug|Mixed Platforms.ActiveCfg = Debug|Any CPU
		{B779539D-04DD-4267-BE4B-707AA0DAF43D}.Debug|Mixed Platforms.Build.0 = Debug|Any CPU
		{B779539D-04DD-4267-BE4B-707AA0DAF43D}.Debug|x86.ActiveCfg = Debug|x86
		{B779539D-04DD-4267-BE4B-707AA0DAF43D}.Debug|x86.Build.0 = Debug|x86
		{B779539D-04DD-4267-BE4B-707AA0DAF43D}.Release|Any CPU.ActiveCfg = Release|Any CPU
		{B779539D-04DD-4267-BE4B-707AA0DAF43D}.Release|Any CPU.Build.0 = Release|Any CPU
		{B779539D-04DD-4267-BE4B-707AA0DAF43D}.Release|Mixed Platforms.ActiveCfg = Release|Any CPU
		{B779539D-04DD-4267-BE4B-707AA0DAF43D}.Release|Mixed Platforms.Build.0 = Release|Any CPU
		{B779539D-04DD-4267-BE4B-707AA0DAF43D}.Release|x86.ActiveCfg = Release|x86
		{B779539D-04DD-4267-BE4B-707AA0DAF43D}.Release|x86.Build.0 = Release|x86
		{F86D7FD2-8629-40DD-804F-ECD343AB0B9D}.Debug|Any CPU.ActiveCfg = Debug|x86
		{F86D7FD2-8629-40DD-804F-ECD343AB0B9D}.Debug|Mixed Platforms.ActiveCfg = Debug|x86
		{F86D7FD2-8629-40DD-804F-ECD343AB0B9D}.Debug|Mixed Platforms.Build.0 = Debug|x86
		{F86D7FD2-8629-40DD-804F-ECD343AB0B9D}.Debug|x86.ActiveCfg = Debug|x86
		{F86D7FD2-8629-40DD-804F-ECD343AB0B9D}.Debug|x86.Build.0 = Debug|x86
		{F86D7FD2-8629-40DD-804F-ECD343AB0B9D}.Release|Any CPU.ActiveCfg = Release|x86
		{F86D7FD2-8629-40DD-804F-ECD343AB0B9D}.Release|Mixed Platforms.ActiveCfg = Release|x86
		{F86D7FD2-8629-40DD-804F-ECD343AB0B9D}.Release|Mixed Platforms.Build.0 = Release|x86
		{F86D7FD2-8629-40DD-804F-ECD343AB0B9D}.Release|x86.ActiveCfg = Release|x86
		{F86D7FD2-8629-40DD-804F-ECD343AB0B9D}.Release|x86.Build.0 = Release|x86
		{BF327CDB-D043-44F5-B0EC-F041EE972A89}.Debug|Any CPU.ActiveCfg = Debug|x86
		{BF327CDB-D043-44F5-B0EC-F041EE972A89}.Debug|Mixed Platforms.ActiveCfg = Debug|x86
		{BF327CDB-D043-44F5-B0EC-F041EE972A89}.Debug|Mixed Platforms.Build.0 = Debug|x86
		{BF327CDB-D043-44F5-B0EC-F041EE972A89}.Debug|x86.ActiveCfg = Debug|x86
		{BF327CDB-D043-44F5-B0EC-F041EE972A89}.Debug|x86.Build.0 = Debug|x86
		{BF327CDB-D043-44F5-B0EC-F041EE972A89}.Release|Any CPU.ActiveCfg = Release|x86
		{BF327CDB-D043-44F5-B0EC-F041EE972A89}.Release|Mixed Platforms.ActiveCfg = Release|x86
		{BF327CDB-D043-44F5-B0EC-F041EE972A89}.Release|Mixed Platforms.Build.0 = Release|x86
		{BF327CDB-D043-44F5-B0EC-F041EE972A89}.Release|x86.ActiveCfg = Release|x86
		{BF327CDB-D043-44F5-B0EC-F041EE972A89}.Release|x86.Build.0 = Release|x86
		{60EA6A4E-9AA9-4585-877F-7407DE4392D5}.Debug|Any CPU.ActiveCfg = Debug|Any CPU
		{60EA6A4E-9AA9-4585-877F-7407DE4392D5}.Debug|Any CPU.Build.0 = Debug|Any CPU
		{60EA6A4E-9AA9-4585-877F-7407DE4392D5}.Debug|Mixed Platforms.ActiveCfg = Debug|Any CPU
		{60EA6A4E-9AA9-4585-877F-7407DE4392D5}.Debug|Mixed Platforms.Build.0 = Debug|Any CPU
		{60EA6A4E-9AA9-4585-877F-7407DE4392D5}.Debug|x86.ActiveCfg = Debug|Any CPU
		{60EA6A4E-9AA9-4585-877F-7407DE4392D5}.Release|Any CPU.ActiveCfg = Release|Any CPU
		{60EA6A4E-9AA9-4585-877F-7407DE4392D5}.Release|Any CPU.Build.0 = Release|Any CPU
		{60EA6A4E-9AA9-4585-877F-7407DE4392D5}.Release|Mixed Platforms.ActiveCfg = Release|Any CPU
		{60EA6A4E-9AA9-4585-877F-7407DE4392D5}.Release|Mixed Platforms.Build.0 = Release|Any CPU
		{60EA6A4E-9AA9-4585-877F-7407DE4392D5}.Release|x86.ActiveCfg = Release|Any CPU
	EndGlobalSection
	GlobalSection(SolutionProperties) = preSolution
		HideSolutionNode = FALSE
	EndGlobalSection
	GlobalSection(NestedProjects) = preSolution
		{D7DC578F-0A08-4681-9486-ACC898785829} = {A18CF587-B333-45F5-84DD-E0D84E44E052}
		{024F4C63-F0F0-4414-BFB2-69FC1969BB32} = {A18CF587-B333-45F5-84DD-E0D84E44E052}
		{AAD73CBC-00D2-4D65-B78C-57133BC16BD9} = {A18CF587-B333-45F5-84DD-E0D84E44E052}
		{F1D0C7DA-6361-45E1-BA8A-AEFD9627E428} = {A18CF587-B333-45F5-84DD-E0D84E44E052}
		{67C6B4A8-D6A7-46EB-B618-3F48A8478EE5} = {A18CF587-B333-45F5-84DD-E0D84E44E052}
		{9DB46CDD-F31C-46C2-B0CC-351125AF766B} = {015C4E32-93D5-466F-B5AB-F8C95FCDC939}
		{87D8D4E3-F24A-4452-809C-2E1417B03D3D} = {015C4E32-93D5-466F-B5AB-F8C95FCDC939}
		{48FD6257-2F81-4DA0-BCD8-060197691401} = {015C4E32-93D5-466F-B5AB-F8C95FCDC939}
		{B779539D-04DD-4267-BE4B-707AA0DAF43D} = {015C4E32-93D5-466F-B5AB-F8C95FCDC939}
		{F86D7FD2-8629-40DD-804F-ECD343AB0B9D} = {015C4E32-93D5-466F-B5AB-F8C95FCDC939}
		{BF327CDB-D043-44F5-B0EC-F041EE972A89} = {015C4E32-93D5-466F-B5AB-F8C95FCDC939}
		{60EA6A4E-9AA9-4585-877F-7407DE4392D5} = {015C4E32-93D5-466F-B5AB-F8C95FCDC939}
		{4E2E749C-4D6F-4EF8-8E9D-96D467306997} = {9F4DA869-EFBA-471A-937A-DF6D856616AA}
		{F31841AC-CA87-4441-B906-6D4502307E97} = {9F4DA869-EFBA-471A-937A-DF6D856616AA}
		{2A4A9A2C-5D8D-4078-B118-02A1D386A9FA} = {9F4DA869-EFBA-471A-937A-DF6D856616AA}
		{A6870FB6-D70D-4C70-81C8-74C191765FBC} = {9F4DA869-EFBA-471A-937A-DF6D856616AA}
	EndGlobalSection
	GlobalSection(MonoDevelopProperties) = preSolution
		StartupItem = src\app\Frog.Agent\Frog.Agent.csproj
	EndGlobalSection
EndGlobal
