
Microsoft Visual Studio Solution File, Format Version 11.00
# Visual Studio 2010
Project("{FAE04EC0-301F-11D3-BF4B-00C04F79EFBC}") = "Frog.Domain", "src\app\Frog.Domain\Frog.Domain.csproj", "{8A446F8C-6B38-4153-A996-CC162DACF795}"
EndProject
Project("{FAE04EC0-301F-11D3-BF4B-00C04F79EFBC}") = "Frog.Domain.Test", "src\tests\Frog.Domain.Specs\Frog.Domain.Test.csproj", "{67C6B4A8-D6A7-46EB-B618-3F48A8478EE5}"
EndProject
Project("{FAE04EC0-301F-11D3-BF4B-00C04F79EFBC}") = "Frog.System.Test", "src\tests\Frog.System.Specs\Frog.System.Test.csproj", "{D7DC578F-0A08-4681-9486-ACC898785829}"
EndProject
Project("{FAE04EC0-301F-11D3-BF4B-00C04F79EFBC}") = "Frog.Specs.Support", "src\tests\Frog.Specs.Support\Frog.Specs.Support.csproj", "{B4CE2703-09EF-4BF5-B933-EF8BB4E68389}"
EndProject
Project("{FAE04EC0-301F-11D3-BF4B-00C04F79EFBC}") = "SimpleCQRS", "src\app\SimpleCQRS\SimpleCQRS.csproj", "{9FAA6168-F131-420F-81C1-2228FD151BC7}"
EndProject
Project("{FAE04EC0-301F-11D3-BF4B-00C04F79EFBC}") = "Frog.Support", "src\app\Frog.Support\Frog.Support.csproj", "{893935D3-935A-418F-A656-5D6A203D87ED}"
EndProject
Project("{FAE04EC0-301F-11D3-BF4B-00C04F79EFBC}") = "Frog.FunctionalTests", "src\tests\Frog.FunctionalTests\Frog.FunctionalTests.csproj", "{024F4C63-F0F0-4414-BFB2-69FC1969BB32}"
EndProject
Project("{FAE04EC0-301F-11D3-BF4B-00C04F79EFBC}") = "Frog.Domain.Integration", "src\app\Frog.Domain.Integration\Frog.Domain.Integration.csproj", "{34D94FDA-6971-43A3-ABDE-B97CEA82CF26}"
EndProject
Project("{FAE04EC0-301F-11D3-BF4B-00C04F79EFBC}") = "Frog.Domain.IntegrationTests", "src\tests\Frog.Domain.IntegrationTests\Frog.Domain.IntegrationTests.csproj", "{AAD73CBC-00D2-4D65-B78C-57133BC16BD9}"
EndProject
Project("{FAE04EC0-301F-11D3-BF4B-00C04F79EFBC}") = "Frog.Agent", "src\app\Frog.Agent\Frog.Agent.csproj", "{48FD6257-2F81-4DA0-BCD8-060197691401}"
EndProject
Project("{FAE04EC0-301F-11D3-BF4B-00C04F79EFBC}") = "Frog.RepositoryTracker", "src\app\Frog.RepositoryTracker\Frog.RepositoryTracker.csproj", "{9DB46CDD-F31C-46C2-B0CC-351125AF766B}"
EndProject
Project("{FAE04EC0-301F-11D3-BF4B-00C04F79EFBC}") = "Frog.UI.Web", "src\app\Frog.UI.Web\Frog.UI.Web.csproj", "{87D8D4E3-F24A-4452-809C-2E1417B03D3D}"
EndProject
Project("{FAE04EC0-301F-11D3-BF4B-00C04F79EFBC}") = "Frog.LoadTests", "src\tests\Frog.LoadTests\Frog.LoadTests.csproj", "{F1D0C7DA-6361-45E1-BA8A-AEFD9627E428}"
EndProject
Project("{FAE04EC0-301F-11D3-BF4B-00C04F79EFBC}") = "Frog.EventStore", "src\app\Frog.EventStore\Frog.EventStore.csproj", "{88A14A27-EDB1-4748-AE82-6E741754C076}"
EndProject
Project("{2150E333-8FDC-42A3-9474-1A3956D46DE8}") = "Tests", "Tests", "{A18CF587-B333-45F5-84DD-E0D84E44E052}"
EndProject
Project("{2150E333-8FDC-42A3-9474-1A3956D46DE8}") = "Programs", "Programs", "{015C4E32-93D5-466F-B5AB-F8C95FCDC939}"
EndProject
Project("{FAE04EC0-301F-11D3-BF4B-00C04F79EFBC}") = "Frog.EventStore.Tests", "src\tests\Frog.EventStore.Tests\Frog.EventStore.Tests.csproj", "{BCC4033B-D7E2-46DB-B968-80E3A80C1D6F}"
EndProject
Global
	GlobalSection(SolutionConfigurationPlatforms) = preSolution
		Debug|Any CPU = Debug|Any CPU
		Debug|Mixed Platforms = Debug|Mixed Platforms
		Debug|x86 = Debug|x86
		Release|Any CPU = Release|Any CPU
		Release|Mixed Platforms = Release|Mixed Platforms
		Release|x86 = Release|x86
	EndGlobalSection
	GlobalSection(ProjectConfigurationPlatforms) = postSolution
		{8A446F8C-6B38-4153-A996-CC162DACF795}.Debug|Any CPU.ActiveCfg = Debug|Any CPU
		{8A446F8C-6B38-4153-A996-CC162DACF795}.Debug|Any CPU.Build.0 = Debug|Any CPU
		{8A446F8C-6B38-4153-A996-CC162DACF795}.Debug|Mixed Platforms.ActiveCfg = Debug|Any CPU
		{8A446F8C-6B38-4153-A996-CC162DACF795}.Debug|Mixed Platforms.Build.0 = Debug|Any CPU
		{8A446F8C-6B38-4153-A996-CC162DACF795}.Debug|x86.ActiveCfg = Debug|Any CPU
		{8A446F8C-6B38-4153-A996-CC162DACF795}.Release|Any CPU.ActiveCfg = Release|Any CPU
		{8A446F8C-6B38-4153-A996-CC162DACF795}.Release|Any CPU.Build.0 = Release|Any CPU
		{8A446F8C-6B38-4153-A996-CC162DACF795}.Release|Mixed Platforms.ActiveCfg = Release|Any CPU
		{8A446F8C-6B38-4153-A996-CC162DACF795}.Release|Mixed Platforms.Build.0 = Release|Any CPU
		{8A446F8C-6B38-4153-A996-CC162DACF795}.Release|x86.ActiveCfg = Release|Any CPU
		{67C6B4A8-D6A7-46EB-B618-3F48A8478EE5}.Debug|Any CPU.ActiveCfg = Debug|Any CPU
		{67C6B4A8-D6A7-46EB-B618-3F48A8478EE5}.Debug|Any CPU.Build.0 = Debug|Any CPU
		{67C6B4A8-D6A7-46EB-B618-3F48A8478EE5}.Debug|Mixed Platforms.ActiveCfg = Debug|Any CPU
		{67C6B4A8-D6A7-46EB-B618-3F48A8478EE5}.Debug|Mixed Platforms.Build.0 = Debug|Any CPU
		{67C6B4A8-D6A7-46EB-B618-3F48A8478EE5}.Debug|x86.ActiveCfg = Debug|Any CPU
		{67C6B4A8-D6A7-46EB-B618-3F48A8478EE5}.Release|Any CPU.ActiveCfg = Release|Any CPU
		{67C6B4A8-D6A7-46EB-B618-3F48A8478EE5}.Release|Any CPU.Build.0 = Release|Any CPU
		{67C6B4A8-D6A7-46EB-B618-3F48A8478EE5}.Release|Mixed Platforms.ActiveCfg = Release|Any CPU
		{67C6B4A8-D6A7-46EB-B618-3F48A8478EE5}.Release|Mixed Platforms.Build.0 = Release|Any CPU
		{67C6B4A8-D6A7-46EB-B618-3F48A8478EE5}.Release|x86.ActiveCfg = Release|Any CPU
		{D7DC578F-0A08-4681-9486-ACC898785829}.Debug|Any CPU.ActiveCfg = Debug|Any CPU
		{D7DC578F-0A08-4681-9486-ACC898785829}.Debug|Any CPU.Build.0 = Debug|Any CPU
		{D7DC578F-0A08-4681-9486-ACC898785829}.Debug|Mixed Platforms.ActiveCfg = Debug|Any CPU
		{D7DC578F-0A08-4681-9486-ACC898785829}.Debug|Mixed Platforms.Build.0 = Debug|Any CPU
		{D7DC578F-0A08-4681-9486-ACC898785829}.Debug|x86.ActiveCfg = Debug|Any CPU
		{D7DC578F-0A08-4681-9486-ACC898785829}.Release|Any CPU.ActiveCfg = Release|Any CPU
		{D7DC578F-0A08-4681-9486-ACC898785829}.Release|Any CPU.Build.0 = Release|Any CPU
		{D7DC578F-0A08-4681-9486-ACC898785829}.Release|Mixed Platforms.ActiveCfg = Release|Any CPU
		{D7DC578F-0A08-4681-9486-ACC898785829}.Release|Mixed Platforms.Build.0 = Release|Any CPU
		{D7DC578F-0A08-4681-9486-ACC898785829}.Release|x86.ActiveCfg = Release|Any CPU
		{B4CE2703-09EF-4BF5-B933-EF8BB4E68389}.Debug|Any CPU.ActiveCfg = Debug|Any CPU
		{B4CE2703-09EF-4BF5-B933-EF8BB4E68389}.Debug|Any CPU.Build.0 = Debug|Any CPU
		{B4CE2703-09EF-4BF5-B933-EF8BB4E68389}.Debug|Mixed Platforms.ActiveCfg = Debug|Any CPU
		{B4CE2703-09EF-4BF5-B933-EF8BB4E68389}.Debug|Mixed Platforms.Build.0 = Debug|Any CPU
		{B4CE2703-09EF-4BF5-B933-EF8BB4E68389}.Debug|x86.ActiveCfg = Debug|Any CPU
		{B4CE2703-09EF-4BF5-B933-EF8BB4E68389}.Release|Any CPU.ActiveCfg = Release|Any CPU
		{B4CE2703-09EF-4BF5-B933-EF8BB4E68389}.Release|Any CPU.Build.0 = Release|Any CPU
		{B4CE2703-09EF-4BF5-B933-EF8BB4E68389}.Release|Mixed Platforms.ActiveCfg = Release|Any CPU
		{B4CE2703-09EF-4BF5-B933-EF8BB4E68389}.Release|Mixed Platforms.Build.0 = Release|Any CPU
		{B4CE2703-09EF-4BF5-B933-EF8BB4E68389}.Release|x86.ActiveCfg = Release|Any CPU
		{9FAA6168-F131-420F-81C1-2228FD151BC7}.Debug|Any CPU.ActiveCfg = Debug|Any CPU
		{9FAA6168-F131-420F-81C1-2228FD151BC7}.Debug|Any CPU.Build.0 = Debug|Any CPU
		{9FAA6168-F131-420F-81C1-2228FD151BC7}.Debug|Mixed Platforms.ActiveCfg = Debug|Any CPU
		{9FAA6168-F131-420F-81C1-2228FD151BC7}.Debug|Mixed Platforms.Build.0 = Debug|Any CPU
		{9FAA6168-F131-420F-81C1-2228FD151BC7}.Debug|x86.ActiveCfg = Debug|Any CPU
		{9FAA6168-F131-420F-81C1-2228FD151BC7}.Release|Any CPU.ActiveCfg = Release|Any CPU
		{9FAA6168-F131-420F-81C1-2228FD151BC7}.Release|Any CPU.Build.0 = Release|Any CPU
		{9FAA6168-F131-420F-81C1-2228FD151BC7}.Release|Mixed Platforms.ActiveCfg = Release|Any CPU
		{9FAA6168-F131-420F-81C1-2228FD151BC7}.Release|Mixed Platforms.Build.0 = Release|Any CPU
		{9FAA6168-F131-420F-81C1-2228FD151BC7}.Release|x86.ActiveCfg = Release|Any CPU
		{893935D3-935A-418F-A656-5D6A203D87ED}.Debug|Any CPU.ActiveCfg = Debug|Any CPU
		{893935D3-935A-418F-A656-5D6A203D87ED}.Debug|Any CPU.Build.0 = Debug|Any CPU
		{893935D3-935A-418F-A656-5D6A203D87ED}.Debug|Mixed Platforms.ActiveCfg = Debug|Any CPU
		{893935D3-935A-418F-A656-5D6A203D87ED}.Debug|Mixed Platforms.Build.0 = Debug|Any CPU
		{893935D3-935A-418F-A656-5D6A203D87ED}.Debug|x86.ActiveCfg = Debug|Any CPU
		{893935D3-935A-418F-A656-5D6A203D87ED}.Release|Any CPU.ActiveCfg = Release|Any CPU
		{893935D3-935A-418F-A656-5D6A203D87ED}.Release|Any CPU.Build.0 = Release|Any CPU
		{893935D3-935A-418F-A656-5D6A203D87ED}.Release|Mixed Platforms.ActiveCfg = Release|Any CPU
		{893935D3-935A-418F-A656-5D6A203D87ED}.Release|Mixed Platforms.Build.0 = Release|Any CPU
		{893935D3-935A-418F-A656-5D6A203D87ED}.Release|x86.ActiveCfg = Release|Any CPU
		{024F4C63-F0F0-4414-BFB2-69FC1969BB32}.Debug|Any CPU.ActiveCfg = Debug|Any CPU
		{024F4C63-F0F0-4414-BFB2-69FC1969BB32}.Debug|Any CPU.Build.0 = Debug|Any CPU
		{024F4C63-F0F0-4414-BFB2-69FC1969BB32}.Debug|Mixed Platforms.ActiveCfg = Debug|Any CPU
		{024F4C63-F0F0-4414-BFB2-69FC1969BB32}.Debug|Mixed Platforms.Build.0 = Debug|Any CPU
		{024F4C63-F0F0-4414-BFB2-69FC1969BB32}.Debug|x86.ActiveCfg = Debug|Any CPU
		{024F4C63-F0F0-4414-BFB2-69FC1969BB32}.Release|Any CPU.ActiveCfg = Release|Any CPU
		{024F4C63-F0F0-4414-BFB2-69FC1969BB32}.Release|Any CPU.Build.0 = Release|Any CPU
		{024F4C63-F0F0-4414-BFB2-69FC1969BB32}.Release|Mixed Platforms.ActiveCfg = Release|Any CPU
		{024F4C63-F0F0-4414-BFB2-69FC1969BB32}.Release|Mixed Platforms.Build.0 = Release|Any CPU
		{024F4C63-F0F0-4414-BFB2-69FC1969BB32}.Release|x86.ActiveCfg = Release|Any CPU
		{34D94FDA-6971-43A3-ABDE-B97CEA82CF26}.Debug|Any CPU.ActiveCfg = Debug|Any CPU
		{34D94FDA-6971-43A3-ABDE-B97CEA82CF26}.Debug|Any CPU.Build.0 = Debug|Any CPU
		{34D94FDA-6971-43A3-ABDE-B97CEA82CF26}.Debug|Mixed Platforms.ActiveCfg = Debug|Any CPU
		{34D94FDA-6971-43A3-ABDE-B97CEA82CF26}.Debug|Mixed Platforms.Build.0 = Debug|Any CPU
		{34D94FDA-6971-43A3-ABDE-B97CEA82CF26}.Debug|x86.ActiveCfg = Debug|Any CPU
		{34D94FDA-6971-43A3-ABDE-B97CEA82CF26}.Release|Any CPU.ActiveCfg = Release|Any CPU
		{34D94FDA-6971-43A3-ABDE-B97CEA82CF26}.Release|Any CPU.Build.0 = Release|Any CPU
		{34D94FDA-6971-43A3-ABDE-B97CEA82CF26}.Release|Mixed Platforms.ActiveCfg = Release|Any CPU
		{34D94FDA-6971-43A3-ABDE-B97CEA82CF26}.Release|Mixed Platforms.Build.0 = Release|Any CPU
		{34D94FDA-6971-43A3-ABDE-B97CEA82CF26}.Release|x86.ActiveCfg = Release|Any CPU
		{AAD73CBC-00D2-4D65-B78C-57133BC16BD9}.Debug|Any CPU.ActiveCfg = Debug|Any CPU
		{AAD73CBC-00D2-4D65-B78C-57133BC16BD9}.Debug|Any CPU.Build.0 = Debug|Any CPU
		{AAD73CBC-00D2-4D65-B78C-57133BC16BD9}.Debug|Mixed Platforms.ActiveCfg = Debug|Any CPU
		{AAD73CBC-00D2-4D65-B78C-57133BC16BD9}.Debug|Mixed Platforms.Build.0 = Debug|Any CPU
		{AAD73CBC-00D2-4D65-B78C-57133BC16BD9}.Debug|x86.ActiveCfg = Debug|Any CPU
		{AAD73CBC-00D2-4D65-B78C-57133BC16BD9}.Release|Any CPU.ActiveCfg = Release|Any CPU
		{AAD73CBC-00D2-4D65-B78C-57133BC16BD9}.Release|Any CPU.Build.0 = Release|Any CPU
		{AAD73CBC-00D2-4D65-B78C-57133BC16BD9}.Release|Mixed Platforms.ActiveCfg = Release|Any CPU
		{AAD73CBC-00D2-4D65-B78C-57133BC16BD9}.Release|Mixed Platforms.Build.0 = Release|Any CPU
		{AAD73CBC-00D2-4D65-B78C-57133BC16BD9}.Release|x86.ActiveCfg = Release|Any CPU
		{48FD6257-2F81-4DA0-BCD8-060197691401}.Debug|Any CPU.ActiveCfg = Debug|Any CPU
		{48FD6257-2F81-4DA0-BCD8-060197691401}.Debug|Any CPU.Build.0 = Debug|Any CPU
		{48FD6257-2F81-4DA0-BCD8-060197691401}.Debug|Mixed Platforms.ActiveCfg = Debug|Any CPU
		{48FD6257-2F81-4DA0-BCD8-060197691401}.Debug|Mixed Platforms.Build.0 = Debug|Any CPU
		{48FD6257-2F81-4DA0-BCD8-060197691401}.Debug|x86.ActiveCfg = Debug|Any CPU
		{48FD6257-2F81-4DA0-BCD8-060197691401}.Release|Any CPU.ActiveCfg = Release|Any CPU
		{48FD6257-2F81-4DA0-BCD8-060197691401}.Release|Any CPU.Build.0 = Debug|Any CPU
		{48FD6257-2F81-4DA0-BCD8-060197691401}.Release|Mixed Platforms.ActiveCfg = Release|Any CPU
		{48FD6257-2F81-4DA0-BCD8-060197691401}.Release|Mixed Platforms.Build.0 = Release|Any CPU
		{48FD6257-2F81-4DA0-BCD8-060197691401}.Release|x86.ActiveCfg = Release|Any CPU
		{9DB46CDD-F31C-46C2-B0CC-351125AF766B}.Debug|Any CPU.ActiveCfg = Debug|Any CPU
		{9DB46CDD-F31C-46C2-B0CC-351125AF766B}.Debug|Any CPU.Build.0 = Debug|Any CPU
		{9DB46CDD-F31C-46C2-B0CC-351125AF766B}.Debug|Mixed Platforms.ActiveCfg = Debug|Any CPU
		{9DB46CDD-F31C-46C2-B0CC-351125AF766B}.Debug|Mixed Platforms.Build.0 = Debug|Any CPU
		{9DB46CDD-F31C-46C2-B0CC-351125AF766B}.Debug|x86.ActiveCfg = Debug|Any CPU
		{9DB46CDD-F31C-46C2-B0CC-351125AF766B}.Release|Any CPU.ActiveCfg = Release|Any CPU
		{9DB46CDD-F31C-46C2-B0CC-351125AF766B}.Release|Any CPU.Build.0 = Debug|Any CPU
		{9DB46CDD-F31C-46C2-B0CC-351125AF766B}.Release|Mixed Platforms.ActiveCfg = Release|Any CPU
		{9DB46CDD-F31C-46C2-B0CC-351125AF766B}.Release|Mixed Platforms.Build.0 = Release|Any CPU
		{9DB46CDD-F31C-46C2-B0CC-351125AF766B}.Release|x86.ActiveCfg = Release|Any CPU
		{87D8D4E3-F24A-4452-809C-2E1417B03D3D}.Debug|Any CPU.ActiveCfg = Debug|Any CPU
		{87D8D4E3-F24A-4452-809C-2E1417B03D3D}.Debug|Any CPU.Build.0 = Debug|Any CPU
		{87D8D4E3-F24A-4452-809C-2E1417B03D3D}.Debug|Mixed Platforms.ActiveCfg = Debug|Any CPU
		{87D8D4E3-F24A-4452-809C-2E1417B03D3D}.Debug|Mixed Platforms.Build.0 = Debug|Any CPU
		{87D8D4E3-F24A-4452-809C-2E1417B03D3D}.Debug|x86.ActiveCfg = Debug|Any CPU
		{87D8D4E3-F24A-4452-809C-2E1417B03D3D}.Release|Any CPU.ActiveCfg = Release|Any CPU
		{87D8D4E3-F24A-4452-809C-2E1417B03D3D}.Release|Any CPU.Build.0 = Release|Any CPU
		{87D8D4E3-F24A-4452-809C-2E1417B03D3D}.Release|Mixed Platforms.ActiveCfg = Release|Any CPU
		{87D8D4E3-F24A-4452-809C-2E1417B03D3D}.Release|Mixed Platforms.Build.0 = Release|Any CPU
		{87D8D4E3-F24A-4452-809C-2E1417B03D3D}.Release|x86.ActiveCfg = Release|Any CPU
		{F1D0C7DA-6361-45E1-BA8A-AEFD9627E428}.Debug|Any CPU.ActiveCfg = Debug|Any CPU
		{F1D0C7DA-6361-45E1-BA8A-AEFD9627E428}.Debug|Any CPU.Build.0 = Debug|Any CPU
		{F1D0C7DA-6361-45E1-BA8A-AEFD9627E428}.Debug|Mixed Platforms.ActiveCfg = Debug|Any CPU
		{F1D0C7DA-6361-45E1-BA8A-AEFD9627E428}.Debug|Mixed Platforms.Build.0 = Debug|Any CPU
		{F1D0C7DA-6361-45E1-BA8A-AEFD9627E428}.Debug|x86.ActiveCfg = Debug|Any CPU
		{F1D0C7DA-6361-45E1-BA8A-AEFD9627E428}.Release|Any CPU.ActiveCfg = Release|Any CPU
		{F1D0C7DA-6361-45E1-BA8A-AEFD9627E428}.Release|Any CPU.Build.0 = Release|Any CPU
		{F1D0C7DA-6361-45E1-BA8A-AEFD9627E428}.Release|Mixed Platforms.ActiveCfg = Release|Any CPU
		{F1D0C7DA-6361-45E1-BA8A-AEFD9627E428}.Release|Mixed Platforms.Build.0 = Release|Any CPU
		{F1D0C7DA-6361-45E1-BA8A-AEFD9627E428}.Release|x86.ActiveCfg = Release|Any CPU
		{88A14A27-EDB1-4748-AE82-6E741754C076}.Debug|Any CPU.ActiveCfg = Debug|Any CPU
		{88A14A27-EDB1-4748-AE82-6E741754C076}.Debug|Any CPU.Build.0 = Debug|Any CPU
		{88A14A27-EDB1-4748-AE82-6E741754C076}.Debug|Mixed Platforms.ActiveCfg = Debug|Any CPU
		{88A14A27-EDB1-4748-AE82-6E741754C076}.Debug|Mixed Platforms.Build.0 = Debug|Any CPU
		{88A14A27-EDB1-4748-AE82-6E741754C076}.Debug|x86.ActiveCfg = Debug|Any CPU
		{88A14A27-EDB1-4748-AE82-6E741754C076}.Release|Any CPU.ActiveCfg = Release|Any CPU
		{88A14A27-EDB1-4748-AE82-6E741754C076}.Release|Any CPU.Build.0 = Release|Any CPU
		{88A14A27-EDB1-4748-AE82-6E741754C076}.Release|Mixed Platforms.ActiveCfg = Release|Any CPU
		{88A14A27-EDB1-4748-AE82-6E741754C076}.Release|Mixed Platforms.Build.0 = Release|Any CPU
		{88A14A27-EDB1-4748-AE82-6E741754C076}.Release|x86.ActiveCfg = Release|Any CPU
		{BCC4033B-D7E2-46DB-B968-80E3A80C1D6F}.Debug|Any CPU.ActiveCfg = Debug|Any CPU
		{BCC4033B-D7E2-46DB-B968-80E3A80C1D6F}.Debug|Any CPU.Build.0 = Debug|Any CPU
		{BCC4033B-D7E2-46DB-B968-80E3A80C1D6F}.Debug|Mixed Platforms.ActiveCfg = Debug|Any CPU
		{BCC4033B-D7E2-46DB-B968-80E3A80C1D6F}.Debug|Mixed Platforms.Build.0 = Debug|Any CPU
		{BCC4033B-D7E2-46DB-B968-80E3A80C1D6F}.Debug|x86.ActiveCfg = Debug|Any CPU
		{BCC4033B-D7E2-46DB-B968-80E3A80C1D6F}.Release|Any CPU.ActiveCfg = Release|Any CPU
		{BCC4033B-D7E2-46DB-B968-80E3A80C1D6F}.Release|Any CPU.Build.0 = Release|Any CPU
		{BCC4033B-D7E2-46DB-B968-80E3A80C1D6F}.Release|Mixed Platforms.ActiveCfg = Release|Any CPU
		{BCC4033B-D7E2-46DB-B968-80E3A80C1D6F}.Release|Mixed Platforms.Build.0 = Release|Any CPU
		{BCC4033B-D7E2-46DB-B968-80E3A80C1D6F}.Release|x86.ActiveCfg = Release|Any CPU
	EndGlobalSection
	GlobalSection(SolutionProperties) = preSolution
		HideSolutionNode = FALSE
	EndGlobalSection
	GlobalSection(NestedProjects) = preSolution
		{D7DC578F-0A08-4681-9486-ACC898785829} = {A18CF587-B333-45F5-84DD-E0D84E44E052}
		{F1D0C7DA-6361-45E1-BA8A-AEFD9627E428} = {A18CF587-B333-45F5-84DD-E0D84E44E052}
		{024F4C63-F0F0-4414-BFB2-69FC1969BB32} = {A18CF587-B333-45F5-84DD-E0D84E44E052}
		{AAD73CBC-00D2-4D65-B78C-57133BC16BD9} = {A18CF587-B333-45F5-84DD-E0D84E44E052}
		{67C6B4A8-D6A7-46EB-B618-3F48A8478EE5} = {A18CF587-B333-45F5-84DD-E0D84E44E052}
		{BCC4033B-D7E2-46DB-B968-80E3A80C1D6F} = {A18CF587-B333-45F5-84DD-E0D84E44E052}
		{48FD6257-2F81-4DA0-BCD8-060197691401} = {015C4E32-93D5-466F-B5AB-F8C95FCDC939}
		{9DB46CDD-F31C-46C2-B0CC-351125AF766B} = {015C4E32-93D5-466F-B5AB-F8C95FCDC939}
		{87D8D4E3-F24A-4452-809C-2E1417B03D3D} = {015C4E32-93D5-466F-B5AB-F8C95FCDC939}
	EndGlobalSection
	GlobalSection(MonoDevelopProperties) = preSolution
		StartupItem = src\app\Frog.Agent\Frog.Agent.csproj
	EndGlobalSection
EndGlobal
